github.com/essentialkaos/check v0.0.0-20210622223336-199db74fb9fd h1:nKzk2V+/UMaGvLx9IuArSaVA3tgF9wQ0DpbiEI349Jo=
github.com/essentialkaos/check v0.0.0-20210622223336-199db74fb9fd/go.mod h1:8jQlJQ3XxBd9PcFo1JUItObqyMUXADZ+kly0Q3lgDaQ=
github.com/kr/pretty v0.2.1/go.mod h1:ipq/a2n7PKx3OHsz4KJII5eveXtPO4qwEXGdVfWzfnI=
github.com/kr/pty v1.1.1/go.mod h1:pFQYn66WHrOpPYNljwOMqo10TkYh1fy3cYio2l3bCsQ=
github.com/kr/text v0.1.0/go.mod h1:4Jbv+DJW3UT/LiOwJeYQe1efqtUx/iVham/4vfdArNI=
